PODS:
  - Flutter (1.0.0)
  - Meiqia (3.4.9):
    - Meiqia/MeiqiaSDK (= 3.4.9)
    - Meiqia/MQChatViewController (= 3.4.9)
  - Meiqia/MeiqiaSDK (3.4.9)
  - Meiqia/MQChatViewController (3.4.9):
    - Meiqia/MeiqiaSDK
  - meiqiaplugin (0.0.1):
    - Flutter
    - Meiqia (~> 3.4.9)

DEPENDENCIES:
  - Flutter (from `Flutter`)
  - meiqiaplugin (from `.symlinks/plugins/meiqiaplugin/ios`)

SPEC REPOS:
  trunk:
    - Meiqia

EXTERNAL SOURCES:
  Flutter:
    :path: Flutter
  meiqiaplugin:
    :path: ".symlinks/plugins/meiqiaplugin/ios"

SPEC CHECKSUMS:
  Flutter: 0e3d915762c693b495b44d77113d4970485de6ec
  Meiqia: 75776701963217d7bde57a56e65da7b5e1718b3f
  meiqiaplugin: 8aefddfd35461983a369a11fbf2224c2a665197a

PODFILE CHECKSUM: 3dbe063e9c90a5d7c9e4e76e70a821b9e2c1d271

COCOAPODS: 1.8.3
